{
  "name": "@project-furnace/aws-nodejs8.10-template",
  "version": "0.1.6",
  "lockfileVersion": 1,
  "requires": true,
  "dependencies": {
    "@project-furnace/sdk": {
      "version": "0.1.1",
      "resolved": "https://registry.npmjs.org/@project-furnace/sdk/-/sdk-0.1.1.tgz",
      "integrity": "sha512-6sEd/ZtjnHdldJZZIgVPqh0cU82gIEmbRW9S1hsT/lSBvvXU2DuWvSP9rClMwdrtMSya1pwr9ibR020nsLk9sw=="
    },
    "aws-param-store": {
      "version": "2.1.0",
      "resolved": "https://registry.npmjs.org/aws-param-store/-/aws-param-store-2.1.0.tgz",
      "integrity": "sha512-solSfU/ZpMX+9YN/Yc85MPl292EEDrHrHpRwhj5JB9vuuqHVFEcqethkVvi9TEOn7Y5vs4YHrnNkliRzmLPRZg=="
    },
    "uuid": {
      "version": "3.3.2",
      "resolved": "https://registry.npmjs.org/uuid/-/uuid-3.3.2.tgz",
      "integrity": "sha512-yXJmeNaw3DnnKAOKJE51sL/ZaYfWJRl1pK9dr19YFCu0ObS231AB1/LbqTKRAQ5kw8A90rA6fr4riOUpTZvQZA=="
    }
  }
}
